<?xml version="1.0" encoding="utf-8"?>
<Project ToolsVersion="4.0" xmlns="http://schemas.microsoft.com/developer/msbuild/2003">
  <ItemGroup>
    <Filter Include="Header Files">
      <UniqueIdentifier>{93995380-89BD-4b04-88EB-625FBE52EBFB}</UniqueIdentifier>
      <Extensions>h;hpp;hxx;hm;inl;inc;xsd</Extensions>
    </Filter>
    <Filter Include="Resource Files">
      <UniqueIdentifier>{67DA6AB6-F800-4c08-8B7A-83BB121AAD01}</UniqueIdentifier>
      <Extensions>rc;ico;cur;bmp;dlg;rc2;rct;bin;rgs;gif;jpg;jpeg;jpe;resx;tiff;tif;png;wav</Extensions>
    </Filter>
    <Filter Include="Source Files">
      <UniqueIdentifier>{4FC737F1-C7A5-4376-A066-2A32D752A2FF}</UniqueIdentifier>
      <Extensions>cpp;c;cc;cxx;def;odl;idl;hpj;bat;asm;asmx</Extensions>
    </Filter>
  </ItemGroup>
  <ItemGroup>
    <ClCompile Include="..\src\config.cpp">
      <Filter>Source Files</Filter>
    </ClCompile>
    <ClCompile Include="..\src\configbox.cpp">
      <Filter>Source Files</Filter>
    </ClCompile>
    <ClCompile Include="..\src\errorinfo.cpp">
      <Filter>Source Files</Filter>
    </ClCompile>
    <ClCompile Include="..\src\findposbox.cpp">
      <Filter>Source Files</Filter>
    </ClCompile>
    <ClCompile Include="..\src\maddressbox.cpp">
      <Filter>Source Files</Filter>
    </ClCompile>
    <ClCompile Include="..\src\parsewav.cpp">
      <Filter>Source Files</Filter>
    </ClCompile>
    <ClCompile Include="..\src\paw_datas.cpp">
      <Filter>Source Files</Filter>
    </ClCompile>
    <ClCompile Include="..\src\paw_defs.cpp">
      <Filter>Source Files</Filter>
    </ClCompile>
    <ClCompile Include="..\src\paw_dft.cpp">
      <Filter>Source Files</Filter>
    </ClCompile>
    <ClCompile Include="..\src\paw_file.cpp">
      <Filter>Source Files</Filter>
    </ClCompile>
    <ClCompile Include="..\src\paw_format.cpp">
      <Filter>Source Files</Filter>
    </ClCompile>
    <ClCompile Include="..\src\paw_param.cpp">
      <Filter>Source Files</Filter>
    </ClCompile>
    <ClCompile Include="..\src\paw_parse.cpp">
      <Filter>Source Files</Filter>
    </ClCompile>
    <ClCompile Include="..\src\paw_parsebin.cpp">
      <Filter>Source Files</Filter>
    </ClCompile>
    <ClCompile Include="..\src\paw_parsecar.cpp">
      <Filter>Source Files</Filter>
    </ClCompile>
    <ClCompile Include="..\src\paw_parseser.cpp">
      <Filter>Source Files</Filter>
    </ClCompile>
    <ClCompile Include="..\src\paw_parsewav.cpp">
      <Filter>Source Files</Filter>
    </ClCompile>
    <ClCompile Include="..\src\paw_util.cpp">
      <Filter>Source Files</Filter>
    </ClCompile>
    <ClCompile Include="..\src\progressbox.cpp">
      <Filter>Source Files</Filter>
    </ClCompile>
    <ClCompile Include="..\src\rftypebox.cpp">
      <Filter>Source Files</Filter>
    </ClCompile>
    <ClCompile Include="..\src\utils.cpp">
      <Filter>Source Files</Filter>
    </ClCompile>
    <ClCompile Include="..\src\wavewindow.cpp">
      <Filter>Source Files</Filter>
    </ClCompile>
    <ClCompile Include="..\src\wavtool.cpp">
      <Filter>Source Files</Filter>
    </ClCompile>
  </ItemGroup>
  <ItemGroup>
    <ClInclude Include="..\src\common.h">
      <Filter>Header Files</Filter>
    </ClInclude>
    <ClInclude Include="..\src\config.h">
      <Filter>Header Files</Filter>
    </ClInclude>
    <ClInclude Include="..\src\configbox.h">
      <Filter>Header Files</Filter>
    </ClInclude>
    <ClInclude Include="..\src\errorinfo.h">
      <Filter>Header Files</Filter>
    </ClInclude>
    <ClInclude Include="..\src\findposbox.h">
      <Filter>Header Files</Filter>
    </ClInclude>
    <ClInclude Include="..\src\maddressbox.h">
      <Filter>Header Files</Filter>
    </ClInclude>
    <ClInclude Include="..\src\parsewav.h">
      <Filter>Header Files</Filter>
    </ClInclude>
    <ClInclude Include="..\src\paw_datas.h">
      <Filter>Header Files</Filter>
    </ClInclude>
    <ClInclude Include="..\src\paw_defs.h">
      <Filter>Header Files</Filter>
    </ClInclude>
    <ClInclude Include="..\src\paw_dft.h">
      <Filter>Header Files</Filter>
    </ClInclude>
    <ClInclude Include="..\src\paw_file.h">
      <Filter>Header Files</Filter>
    </ClInclude>
    <ClInclude Include="..\src\paw_format.h">
      <Filter>Header Files</Filter>
    </ClInclude>
    <ClInclude Include="..\src\paw_param.h">
      <Filter>Header Files</Filter>
    </ClInclude>
    <ClInclude Include="..\src\paw_parse.h">
      <Filter>Header Files</Filter>
    </ClInclude>
    <ClInclude Include="..\src\paw_parsebin.h">
      <Filter>Header Files</Filter>
    </ClInclude>
    <ClInclude Include="..\src\paw_parsecar.h">
      <Filter>Header Files</Filter>
    </ClInclude>
    <ClInclude Include="..\src\paw_parseser.h">
      <Filter>Header Files</Filter>
    </ClInclude>
    <ClInclude Include="..\src\paw_parsewav.h">
      <Filter>Header Files</Filter>
    </ClInclude>
    <ClInclude Include="..\src\paw_util.h">
      <Filter>Header Files</Filter>
    </ClInclude>
    <ClInclude Include="..\src\progressbox.h">
      <Filter>Header Files</Filter>
    </ClInclude>
    <ClInclude Include="..\src\rftypebox.h">
      <Filter>Header Files</Filter>
    </ClInclude>
    <ClInclude Include="..\src\utils.h">
      <Filter>Header Files</Filter>
    </ClInclude>
    <ClInclude Include="..\src\version.h">
      <Filter>Header Files</Filter>
    </ClInclude>
    <ClInclude Include="..\src\wavewindow.h">
      <Filter>Header Files</Filter>
    </ClInclude>
    <ClInclude Include="..\src\wavtool.h">
      <Filter>Header Files</Filter>
    </ClInclude>
  </ItemGroup>
  <ItemGroup>
    <ResourceCompile Include="..\src\wavtool.rc">
      <Filter>Resource Files</Filter>
    </ResourceCompile>
  </ItemGroup>
</Project>